
Microsoft Visual Studio Solution File, Format Version 12.00
# Visual Studio Version 17
VisualStudioVersion = 17.4.33213.308
MinimumVisualStudioVersion = 10.0.40219.1
Project("{FAE04EC0-301F-11D3-BF4B-00C04F79EFBC}") = "RecommendationSystem", "RecommendationSystem.csproj", "{828E8DBD-9347-4310-838B-6F27DBEE972D}"
EndProject
Global
	GlobalSection(SolutionConfigurationPlatforms) = preSolution
		Debug|Any CPU = Debug|Any CPU
		Release|Any CPU = Release|Any CPU
	EndGlobalSection
	GlobalSection(ProjectConfigurationPlatforms) = postSolution
		{828E8DBD-9347-4310-838B-6F27DBEE972D}.Debug|Any CPU.ActiveCfg = Debug|Any CPU
		{828E8DBD-9347-4310-838B-6F27DBEE972D}.Debug|Any CPU.Build.0 = Debug|Any CPU
		{828E8DBD-9347-4310-838B-6F27DBEE972D}.Release|Any CPU.ActiveCfg = Release|Any CPU
		{828E8DBD-9347-4310-838B-6F27DBEE972D}.Release|Any CPU.Build.0 = Release|Any CPU
	EndGlobalSection
	GlobalSection(SolutionProperties) = preSolution
		HideSolutionNode = FALSE
	EndGlobalSection
	GlobalSection(ExtensibilityGlobals) = postSolution
		SolutionGuid = {D9BB09BE-58D8-4474-BEDE-4A0A47D529B8}
	EndGlobalSection
EndGlobal
